
Microsoft Visual Studio Solution File, Format Version 12.00
# Visual Studio 2012
Project("{FAE04EC0-301F-11D3-BF4B-00C04F79EFBC}") = "LibrosMVC", "LibrosMVC\LibrosMVC.csproj", "{696E6A62-C1E9-46BD-9DCC-FC7048A0175B}"
EndProject
Global
	GlobalSection(SolutionConfigurationPlatforms) = preSolution
		Debug|Any CPU = Debug|Any CPU
		Release|Any CPU = Release|Any CPU
	EndGlobalSection
	GlobalSection(ProjectConfigurationPlatforms) = postSolution
		{696E6A62-C1E9-46BD-9DCC-FC7048A0175B}.Debug|Any CPU.ActiveCfg = Debug|Any CPU
		{696E6A62-C1E9-46BD-9DCC-FC7048A0175B}.Debug|Any CPU.Build.0 = Debug|Any CPU
		{696E6A62-C1E9-46BD-9DCC-FC7048A0175B}.Release|Any CPU.ActiveCfg = Release|Any CPU
		{696E6A62-C1E9-46BD-9DCC-FC7048A0175B}.Release|Any CPU.Build.0 = Release|Any CPU
	EndGlobalSection
	GlobalSection(SolutionProperties) = preSolution
		HideSolutionNode = FALSE
	EndGlobalSection
EndGlobal
