
Microsoft Visual Studio Solution File, Format Version 12.00
# Visual Studio 2012
Project("{FAE04EC0-301F-11D3-BF4B-00C04F79EFBC}") = "tareaClase4", "tareaClase4\tareaClase4.csproj", "{72786262-C95C-4344-AA48-1C5D791BD839}"
EndProject
Project("{FAE04EC0-301F-11D3-BF4B-00C04F79EFBC}") = "ejercicio2Avion", "ejercicio2Avion\ejercicio2Avion.csproj", "{1E8820DA-BBD9-49F2-88D6-1DFD65090BCF}"
EndProject
Global
	GlobalSection(SolutionConfigurationPlatforms) = preSolution
		Debug|Any CPU = Debug|Any CPU
		Release|Any CPU = Release|Any CPU
	EndGlobalSection
	GlobalSection(ProjectConfigurationPlatforms) = postSolution
		{72786262-C95C-4344-AA48-1C5D791BD839}.Debug|Any CPU.ActiveCfg = Debug|Any CPU
		{72786262-C95C-4344-AA48-1C5D791BD839}.Debug|Any CPU.Build.0 = Debug|Any CPU
		{72786262-C95C-4344-AA48-1C5D791BD839}.Release|Any CPU.ActiveCfg = Release|Any CPU
		{72786262-C95C-4344-AA48-1C5D791BD839}.Release|Any CPU.Build.0 = Release|Any CPU
		{1E8820DA-BBD9-49F2-88D6-1DFD65090BCF}.Debug|Any CPU.ActiveCfg = Debug|Any CPU
		{1E8820DA-BBD9-49F2-88D6-1DFD65090BCF}.Debug|Any CPU.Build.0 = Debug|Any CPU
		{1E8820DA-BBD9-49F2-88D6-1DFD65090BCF}.Release|Any CPU.ActiveCfg = Release|Any CPU
		{1E8820DA-BBD9-49F2-88D6-1DFD65090BCF}.Release|Any CPU.Build.0 = Release|Any CPU
	EndGlobalSection
	GlobalSection(SolutionProperties) = preSolution
		HideSolutionNode = FALSE
	EndGlobalSection
EndGlobal
